<?xml version="1.0" encoding="utf-8"?>
<Project ToolsVersion="4.0" xmlns="http://schemas.microsoft.com/developer/msbuild/2003">
  <ItemGroup>
    <Filter Include="源文件">
      <UniqueIdentifier>{4FC737F1-C7A5-4376-A066-2A32D752A2FF}</UniqueIdentifier>
      <Extensions>cpp;c;cc;cxx;c++;cppm;ixx;def;odl;idl;hpj;bat;asm;asmx</Extensions>
    </Filter>
    <Filter Include="头文件">
      <UniqueIdentifier>{93995380-89BD-4b04-88EB-625FBE52EBFB}</UniqueIdentifier>
      <Extensions>h;hh;hpp;hxx;h++;hm;inl;inc;ipp;xsd</Extensions>
    </Filter>
    <Filter Include="资源文件">
      <UniqueIdentifier>{67DA6AB6-F800-4c08-8B7A-83BB121AAD01}</UniqueIdentifier>
      <Extensions>rc;ico;cur;bmp;dlg;rc2;rct;bin;rgs;gif;jpg;jpeg;jpe;resx;tiff;tif;png;wav;mfcribbon-ms</Extensions>
    </Filter>
    <Filter Include="源文件\P1">
      <UniqueIdentifier>{c4e43b83-c640-4475-8d46-df722d9503a7}</UniqueIdentifier>
    </Filter>
    <Filter Include="源文件\P2">
      <UniqueIdentifier>{226ad703-1423-48f2-8bd7-292264ed2966}</UniqueIdentifier>
    </Filter>
    <Filter Include="源文件\P3">
      <UniqueIdentifier>{6786d094-6186-4d56-a0d2-d78eaa35fde1}</UniqueIdentifier>
    </Filter>
    <Filter Include="源文件\P4">
      <UniqueIdentifier>{98381388-3a65-4859-b54b-8afb37cbb017}</UniqueIdentifier>
    </Filter>
    <Filter Include="源文件\P4\1">
      <UniqueIdentifier>{2ee0de92-e126-4885-8098-204804ed5239}</UniqueIdentifier>
    </Filter>
    <Filter Include="源文件\P4\2">
      <UniqueIdentifier>{84ded0a4-8a37-447d-aab9-850edc1e67fe}</UniqueIdentifier>
    </Filter>
    <Filter Include="源文件\P4\3">
      <UniqueIdentifier>{1256ecef-6bb7-4f9e-8d3d-6a64b268ae98}</UniqueIdentifier>
    </Filter>
    <Filter Include="源文件\P4\4">
      <UniqueIdentifier>{c462aa5e-ffeb-4b27-9fba-45551dce9e62}</UniqueIdentifier>
    </Filter>
    <Filter Include="源文件\P4\5">
      <UniqueIdentifier>{fe4f372c-7050-4a31-b55a-e5a207d75de8}</UniqueIdentifier>
    </Filter>
    <Filter Include="源文件\P4\6">
      <UniqueIdentifier>{325c39b4-0cf6-4e6c-8523-bce2cd289721}</UniqueIdentifier>
    </Filter>
    <Filter Include="源文件\P4\7">
      <UniqueIdentifier>{3139dbaf-51cd-49c3-bf32-cede39ea80c2}</UniqueIdentifier>
    </Filter>
  </ItemGroup>
  <ItemGroup>
    <ClCompile Include="P2\3_引用做函数参数cpp.cpp">
      <Filter>源文件\P2</Filter>
    </ClCompile>
    <ClCompile Include="P2\4_引用做函数返回值.cpp">
      <Filter>源文件\P2</Filter>
    </ClCompile>
    <ClCompile Include="P2\5_引用的本质.cpp">
      <Filter>源文件\P2</Filter>
    </ClCompile>
    <ClCompile Include="P2\6_常量引用.cpp">
      <Filter>源文件\P2</Filter>
    </ClCompile>
    <ClCompile Include="P2\2_引用注意事项.cpp">
      <Filter>源文件\P2</Filter>
    </ClCompile>
    <ClCompile Include="P2\1_引用语法.cpp">
      <Filter>源文件\P2</Filter>
    </ClCompile>
    <ClCompile Include="P1\2_1_栈区.cpp">
      <Filter>源文件\P1</Filter>
    </ClCompile>
    <ClCompile Include="P1\2_2_堆区.cpp">
      <Filter>源文件\P1</Filter>
    </ClCompile>
    <ClCompile Include="P1\3_new操作符.cpp">
      <Filter>源文件\P1</Filter>
    </ClCompile>
    <ClCompile Include="P1\1_全局区.cpp">
      <Filter>源文件\P1</Filter>
    </ClCompile>
    <ClCompile Include="P3\1_函数默认参数cpp.cpp">
      <Filter>源文件\P3</Filter>
    </ClCompile>
    <ClCompile Include="P3\2_函数占位参数.cpp">
      <Filter>源文件\P3</Filter>
    </ClCompile>
    <ClCompile Include="P3\3_1_函数重载概述.cpp">
      <Filter>源文件\P3</Filter>
    </ClCompile>
    <ClCompile Include="P3\3_2_函数重载注意事项.cpp">
      <Filter>源文件\P3</Filter>
    </ClCompile>
    <ClCompile Include="P4\1_1_1_封装意义一.cpp">
      <Filter>源文件\P4\1</Filter>
    </ClCompile>
    <ClCompile Include="P4\1_1_2_封装意义一.cpp">
      <Filter>源文件\P4\1</Filter>
    </ClCompile>
    <ClCompile Include="P4\1_2_封装意义二.cpp">
      <Filter>源文件\P4\1</Filter>
    </ClCompile>
    <ClCompile Include="P4\1_3_struct和class区别.cpp">
      <Filter>源文件\P4\1</Filter>
    </ClCompile>
    <ClCompile Include="P4\1_4_成员属性设置为私有.cpp">
      <Filter>源文件\P4\1</Filter>
    </ClCompile>
    <ClCompile Include="P4\1_5_练习案例1.cpp">
      <Filter>源文件\P4\1</Filter>
    </ClCompile>
    <ClCompile Include="P4\1_6_练习案例2.cpp">
      <Filter>源文件\P4\1</Filter>
    </ClCompile>
    <ClCompile Include="P4\2_1_构造函数和析构函数.cpp">
      <Filter>源文件\P4\2</Filter>
    </ClCompile>
    <ClCompile Include="P4\2_2_构造函数的分类及调用.cpp">
      <Filter>源文件\P4\2</Filter>
    </ClCompile>
    <ClCompile Include="P4\2_3_拷贝构造函数调用时机.cpp">
      <Filter>源文件\P4\2</Filter>
    </ClCompile>
    <ClCompile Include="P4\2_4_构造函数调用规则.cpp">
      <Filter>源文件\P4\2</Filter>
    </ClCompile>
    <ClCompile Include="P4\2_5_深拷贝与浅拷贝.cpp">
      <Filter>源文件\P4\2</Filter>
    </ClCompile>
    <ClCompile Include="P4\2_6_初始化列表.cpp">
      <Filter>源文件\P4\2</Filter>
    </ClCompile>
    <ClCompile Include="P4\2_7_类对象作为类成员.cpp">
      <Filter>源文件\P4\2</Filter>
    </ClCompile>
    <ClCompile Include="P4\2_8_1_静态成员变量.cpp">
      <Filter>源文件\P4\2</Filter>
    </ClCompile>
    <ClCompile Include="P4\2_8_2_静态成员函数.cpp">
      <Filter>源文件\P4\2</Filter>
    </ClCompile>
    <ClCompile Include="P4\3_1_成员变量和成员函数分开存储.cpp">
      <Filter>源文件\P4\3</Filter>
    </ClCompile>
    <ClCompile Include="P4\3_2_this指针概念.cpp">
      <Filter>源文件\P4\3</Filter>
    </ClCompile>
    <ClCompile Include="P4\3_3_空指针访问成员函数.cpp">
      <Filter>源文件\P4\3</Filter>
    </ClCompile>
    <ClCompile Include="P4\3_4_const修饰成员函数.cpp">
      <Filter>源文件\P4\3</Filter>
    </ClCompile>
    <ClCompile Include="P4\circle.cpp">
      <Filter>源文件\P4\1</Filter>
    </ClCompile>
    <ClCompile Include="P4\point.cpp">
      <Filter>源文件\P4\1</Filter>
    </ClCompile>
    <ClCompile Include="P4\4_1_全局函数做友元.cpp">
      <Filter>源文件\P4\4</Filter>
    </ClCompile>
    <ClCompile Include="P4\4_2_类做友元.cpp">
      <Filter>源文件\P4\4</Filter>
    </ClCompile>
    <ClCompile Include="P4\4_3_成员函数做友元.cpp">
      <Filter>源文件\P4\4</Filter>
    </ClCompile>
    <ClCompile Include="P4\5_1_加号运算符重载.cpp">
      <Filter>源文件\P4\5</Filter>
    </ClCompile>
    <ClCompile Include="P4\5_2_左移运算符重载.cpp">
      <Filter>源文件\P4\5</Filter>
    </ClCompile>
    <ClCompile Include="P4\5_3_递增运算符重载.cpp">
      <Filter>源文件\P4\5</Filter>
    </ClCompile>
    <ClCompile Include="P4\5_4_赋值运算符重载.cpp">
      <Filter>源文件\P4\5</Filter>
    </ClCompile>
    <ClCompile Include="P4\5_5_关系运算符重载.cpp">
      <Filter>源文件\P4\5</Filter>
    </ClCompile>
    <ClCompile Include="P4\5_6_函数调用运算符重载.cpp">
      <Filter>源文件\P4\5</Filter>
    </ClCompile>
    <ClCompile Include="P4\6_1_继承的基本语法.cpp">
      <Filter>源文件\P4\6</Filter>
    </ClCompile>
    <ClCompile Include="P4\6_2_继承方式.cpp">
      <Filter>源文件\P4\6</Filter>
    </ClCompile>
    <ClCompile Include="P4\6_3_继承中的对象模型.cpp">
      <Filter>源文件\P4\6</Filter>
    </ClCompile>
    <ClCompile Include="P4\6_4_继承中构造和析构顺序.cpp">
      <Filter>源文件\P4\6</Filter>
    </ClCompile>
    <ClCompile Include="P4\6_5_继承同名成员处理方式.cpp">
      <Filter>源文件\P4\6</Filter>
    </ClCompile>
    <ClCompile Include="P4\6_6_继承同名静态成员处理方式.cpp">
      <Filter>源文件\P4\6</Filter>
    </ClCompile>
    <ClCompile Include="P4\6_7_多继承语法.cpp">
      <Filter>源文件\P4\6</Filter>
    </ClCompile>
    <ClCompile Include="P4\6_8_菱形继承.cpp">
      <Filter>源文件\P4\6</Filter>
    </ClCompile>
  </ItemGroup>
  <ItemGroup>
    <ClInclude Include="P4\point.h">
      <Filter>头文件</Filter>
    </ClInclude>
    <ClInclude Include="P4\circle.h">
      <Filter>头文件</Filter>
    </ClInclude>
  </ItemGroup>
  <ItemGroup>
    <None Include="packages.config" />
  </ItemGroup>
</Project>